
Microsoft Visual Studio Solution File, Format Version 12.00
# Visual Studio Version 17
VisualStudioVersion = 17.10.34916.146
MinimumVisualStudioVersion = 10.0.40219.1
Project("{FAE04EC0-301F-11D3-BF4B-00C04F79EFBC}") = "webapi", "webapi\webapi.csproj", "{83CAC76A-ABA0-4A40-BA69-2B28323E8F91}"
EndProject
Global
	GlobalSection(SolutionConfigurationPlatforms) = preSolution
		Debug|Any CPU = Debug|Any CPU
		Release|Any CPU = Release|Any CPU
	EndGlobalSection
	GlobalSection(ProjectConfigurationPlatforms) = postSolution
		{83CAC76A-ABA0-4A40-BA69-2B28323E8F91}.Debug|Any CPU.ActiveCfg = Debug|Any CPU
		{83CAC76A-ABA0-4A40-BA69-2B28323E8F91}.Debug|Any CPU.Build.0 = Debug|Any CPU
		{83CAC76A-ABA0-4A40-BA69-2B28323E8F91}.Release|Any CPU.ActiveCfg = Release|Any CPU
		{83CAC76A-ABA0-4A40-BA69-2B28323E8F91}.Release|Any CPU.Build.0 = Release|Any CPU
	EndGlobalSection
	GlobalSection(SolutionProperties) = preSolution
		HideSolutionNode = FALSE
	EndGlobalSection
	GlobalSection(ExtensibilityGlobals) = postSolution
		SolutionGuid = {EF91898D-C1DB-43C5-9504-411D63CDB243}
	EndGlobalSection
EndGlobal
